// !$*UTF8*$!
{
	archiveVersion = 1;
	classes = {};
	objectVersion = 56;
	objects = {

/* Begin PBXBuildFile section */
		17F6636920AF829C015253C3 /* DockBridgeApp.swift in Sources */ = {isa = PBXBuildFile; fileRef = 2EE262613766A1275ED11960 /* DockBridgeApp.swift */; };
		781B711789B9DB6630834C56 /* DockBridgeUniffi.swift in Sources */ = {isa = PBXBuildFile; fileRef = 6CABD5AF970617760D8FA6B3 /* DockBridgeUniffi.swift */; };
		8BDFD143D7160A697BC046C3 /* AppConfig.swift in Sources */ = {isa = PBXBuildFile; fileRef = 09932BA46F7FE81DAD83C80A /* AppConfig.swift */; };
		47B65A6DC688402703026ABF /* AuthType.swift in Sources */ = {isa = PBXBuildFile; fileRef = F3EA1C873F6BA2EA52B40161 /* AuthType.swift */; };
		6D87A264B141B29EB44D1F64 /* ConnectionProfile.swift in Sources */ = {isa = PBXBuildFile; fileRef = ACD7B5DCE2F20029520D971B /* ConnectionProfile.swift */; };
		8AF9F53D6EDF8C2CCD6C9AE3 /* ProfileEndpointChange.swift in Sources */ = {isa = PBXBuildFile; fileRef = AAE721AC174FDF5E8E1C9E9C /* ProfileEndpointChange.swift */; };
		A84F06720E0FA6B9EFAC86A9 /* LocalFileItem.swift in Sources */ = {isa = PBXBuildFile; fileRef = 85A0E836BF343460B3DC13A2 /* LocalFileItem.swift */; };
		DEAAB69B962239B2FF2B68B5 /* UniFFIExtensions.swift in Sources */ = {isa = PBXBuildFile; fileRef = 1E7FDBA4ECAABE2550A535FE /* UniFFIExtensions.swift */; };
		6B586B55FA53102F7DF8BEFE /* AppSettingsService.swift in Sources */ = {isa = PBXBuildFile; fileRef = DBE43F47539AA08723B7C33A /* AppSettingsService.swift */; };
		E343B62539FDD93851A20646 /* ConnectionStore.swift in Sources */ = {isa = PBXBuildFile; fileRef = AA9B9731537045170D199A2B /* ConnectionStore.swift */; };
		PR0F1L3ENCRYP7S3RV1C3SW1 /* ProfileEncryptionService.swift in Sources */ = {isa = PBXBuildFile; fileRef = PR0F1L3ENCRYP7S3RV1C3SW2 /* ProfileEncryptionService.swift */; };
		ST0R3DPR0F1L3M0D3L1N5RC1 /* StoredConnectionProfile.swift in Sources */ = {isa = PBXBuildFile; fileRef = ST0R3DPR0F1L3M0D3L1N5RC2 /* StoredConnectionProfile.swift */; };
		CA00FEA0559FBBCE3E5F20F0 /* ProfileTrustStore.swift in Sources */ = {isa = PBXBuildFile; fileRef = 6D9B83DAFF9C7E5919036C99 /* ProfileTrustStore.swift */; };
		PR0F1L3TRU5T5S1GN1NGK3Y1 /* ProfileTrustSigningKeyStore.swift in Sources */ = {isa = PBXBuildFile; fileRef = PR0F1L3TRU5T5S1GN1NGK3Y2 /* ProfileTrustSigningKeyStore.swift */; };
		EBE6C0D78C1B9D2DFB9E66B6 /* HostKeyStore.swift in Sources */ = {isa = PBXBuildFile; fileRef = FB89AD68E827E020A07FF4A0 /* HostKeyStore.swift */; };
		6B644EEA7799402A90D59AAA /* KeychainService.swift in Sources */ = {isa = PBXBuildFile; fileRef = 6675DBE2C22A3DD9D8AD000A /* KeychainService.swift */; };
		14A839F4D61A1075B5ACF82D /* RustBridgeService.swift in Sources */ = {isa = PBXBuildFile; fileRef = 5E4FB742B8B0BB716DAA4F7A /* RustBridgeService.swift */; };
		9207DDB127B46575474EC6F5 /* ConnectionListViewModel.swift in Sources */ = {isa = PBXBuildFile; fileRef = D00EBFBF60D5CB33F46A53DF /* ConnectionListViewModel.swift */; };
		67E6AD45895AF44CA96D83BB /* MainViewModel.swift in Sources */ = {isa = PBXBuildFile; fileRef = 29C973CCD1AFF29E5BC535CC /* MainViewModel.swift */; };
		5061A717EBE8AB1160ED99D1 /* TransferQueueViewModel.swift in Sources */ = {isa = PBXBuildFile; fileRef = CD683D1BCC635FB229692D63 /* TransferQueueViewModel.swift */; };
		E4EF5F2D30150DB88A95D17E /* ConnectionFormView.swift in Sources */ = {isa = PBXBuildFile; fileRef = B662D1D9B28F3ED6B42DE7F6 /* ConnectionFormView.swift */; };
		8DF8897F5DCB796CC1AA4A0F /* ConnectionListView.swift in Sources */ = {isa = PBXBuildFile; fileRef = ACFD402808165BB5530BCC09 /* ConnectionListView.swift */; };
		AEEC8329F755346C8087472D /* LocalPaneView.swift in Sources */ = {isa = PBXBuildFile; fileRef = B82BEACF7A445BC9ED50F71A /* LocalPaneView.swift */; };
		1855FA75811F909D6558F748 /* MainView.swift in Sources */ = {isa = PBXBuildFile; fileRef = 116D1D17B76FB470390330BC /* MainView.swift */; };
		59E97F8DE7D811CC4EA1A6B0 /* RemotePaneView.swift in Sources */ = {isa = PBXBuildFile; fileRef = E1A2E6F8AA6C510156A8DABD /* RemotePaneView.swift */; };
		4F485BCC460E809CBC369F6D /* HostKeyConfirmView.swift in Sources */ = {isa = PBXBuildFile; fileRef = FFCE9B37ED92AB8C2C21CC1E /* HostKeyConfirmView.swift */; };
		629A59E59C65594C7998652C /* SettingsView.swift in Sources */ = {isa = PBXBuildFile; fileRef = 072538B66BFEE10642314E67 /* SettingsView.swift */; };
		34CA58A3F2B38019A03EF761 /* DialogCard.swift in Sources */ = {isa = PBXBuildFile; fileRef = 1C7BC8DA9077658C709FF8E4 /* DialogCard.swift */; };
		C6C9511134C456CD869B7886 /* ErrorAlert.swift in Sources */ = {isa = PBXBuildFile; fileRef = D2B8765D556D65748132CE54 /* ErrorAlert.swift */; };
		B88C98D983E322436E126A74 /* TransferQueueView.swift in Sources */ = {isa = PBXBuildFile; fileRef = BBB9667933C17755C399E575 /* TransferQueueView.swift */; };
		4D3B078A85CF43E4F57F1AD1 /* Assets.xcassets in Resources */ = {isa = PBXBuildFile; fileRef = 9AED1666CA758F242828EB4F /* Assets.xcassets */; };
		A1B2C3D4E5F60718293A4B5C /* RemotePath.swift in Sources */ = {isa = PBXBuildFile; fileRef = B2C3D4E5F60718293A4B5C6D /* RemotePath.swift */; };
		7B93DBDFA0EAC7D859065E1B /* SensitiveString.swift in Sources */ = {isa = PBXBuildFile; fileRef = 0A40063842C3BF02492D35D4 /* SensitiveString.swift */; };
		C3D4E5F60718293A4B5C6D7E /* RemotePathTests.swift in Sources */ = {isa = PBXBuildFile; fileRef = D4E5F60718293A4B5C6D7E8F /* RemotePathTests.swift */; };
		E5F60718293A4B5C6D7E8F90 /* HostKeyStoreTests.swift in Sources */ = {isa = PBXBuildFile; fileRef = F60718293A4B5C6D7E8F9012 /* HostKeyStoreTests.swift */; };
		C0NN3CT10N5T0R3T3ST5RC3 /* ConnectionStoreTests.swift in Sources */ = {isa = PBXBuildFile; fileRef = C0NN3CT10N5T0R3T3ST5RC4 /* ConnectionStoreTests.swift */; };
		PR0F1L3ENCRYP7S3RV1C3T1 /* ProfileEncryptionServiceTests.swift in Sources */ = {isa = PBXBuildFile; fileRef = PR0F1L3ENCRYP7S3RV1C3T2 /* ProfileEncryptionServiceTests.swift */; };
		PR0F1L3TRU5T5T0R3T3ST5RC3 /* ProfileTrustStoreTests.swift in Sources */ = {isa = PBXBuildFile; fileRef = PR0F1L3TRU5T5T0R3T3ST5RC4 /* ProfileTrustStoreTests.swift */; };
		C0NN3CT10NL15TV13W0D3LT3STRC3 /* ConnectionListViewModelTests.swift in Sources */ = {isa = PBXBuildFile; fileRef = C0NN3CT10NL15TV13W0D3LT3STRC4 /* ConnectionListViewModelTests.swift */; };
		0718293A4B5C6D7E8F901234 /* KeychainServiceTests.swift in Sources */ = {isa = PBXBuildFile; fileRef = 18293A4B5C6D7E8F90123456 /* KeychainServiceTests.swift */; };
		S3NS1T1V3STR1NGT3ST5RC1 /* SensitiveStringTests.swift in Sources */ = {isa = PBXBuildFile; fileRef = S3NS1T1V3STR1NGT3ST5RC2 /* SensitiveStringTests.swift */; };
		2A3B4C5D6E7F8091A2B3C4D5 /* KnownHostsErrorMessageTests.swift in Sources */ = {isa = PBXBuildFile; fileRef = 3B4C5D6E7F8091A2B3C4D5E6 /* KnownHostsErrorMessageTests.swift */; };
		F1D2R3A4G5P6A7Y8L9O0A1D2 /* FileDragPayload.swift in Sources */ = {isa = PBXBuildFile; fileRef = F1D2R3A4G5P6A7Y8L9O0A1D3 /* FileDragPayload.swift */; };
		F1D2R3O4P5V6A7L8I9D0A1T2I3 /* FileDropValidation.swift in Sources */ = {isa = PBXBuildFile; fileRef = F1D2R3O4P5V6A7L8I9D0A1T2I4 /* FileDropValidation.swift */; };
		F1D2R3O4P5E6R7R8O9R0A1B2C3 /* FileDropError.swift in Sources */ = {isa = PBXBuildFile; fileRef = F1D2R3O4P5E6R7R8O9R0A1B2C4 /* FileDropError.swift */; };
		F1I2L3E4D5R6O7P8M9O0D1I2F3 /* FileDropModifiers.swift in Sources */ = {isa = PBXBuildFile; fileRef = F1I2L3E4D5R6O7P8M9O0D1I2F4 /* FileDropModifiers.swift */; };
		F1D2R3O4P5V6A7L8I9D0T1E2S3T4 /* FileDropValidationTests.swift in Sources */ = {isa = PBXBuildFile; fileRef = F1D2R3O4P5V6A7L8I9D0T1E2S3T5 /* FileDropValidationTests.swift */; };
		C0NN3CT10N5T4TU5B4R1N5RC3 /* ConnectionStatusBar.swift in Sources */ = {isa = PBXBuildFile; fileRef = C0NN3CT10N5T4TU5B4R1N5RC4 /* ConnectionStatusBar.swift */; };
		C0NN3CT10N5T4TU5M1ND1C4T0R1 /* ConnectionStatusIndicator.swift in Sources */ = {isa = PBXBuildFile; fileRef = C0NN3CT10N5T4TU5M1ND1C4T0R2 /* ConnectionStatusIndicator.swift */; };
		CL1PB04RDH3LP3R1N5RC1 /* ClipboardHelper.swift in Sources */ = {isa = PBXBuildFile; fileRef = CL1PB04RDH3LP3R1N5RC2 /* ClipboardHelper.swift */; };
		P4TH5UMM4RYR0W1N5RC1 /* PathSummaryRow.swift in Sources */ = {isa = PBXBuildFile; fileRef = P4TH5UMM4RYR0W1N5RC2 /* PathSummaryRow.swift */; };
		P4N3P4THB4R5F1L3B3 /* PanePathBars.swift in Sources */ = {isa = PBXBuildFile; fileRef = P4N3P4THB4R5F1L3B4 /* PanePathBars.swift */; };
		D5R0PT4RG3T0V3RL4Y1D2B3 /* DropTargetOverlay.swift in Sources */ = {isa = PBXBuildFile; fileRef = D5R0PT4RG3T0V3RL4Y1D2B4 /* DropTargetOverlay.swift */; };
		C0NN3CT10N5T4TU5M0D3L1N5RC /* ConnectionStatus.swift in Sources */ = {isa = PBXBuildFile; fileRef = C0NN3CT10N5T4TU5M0D3L1N5RD /* ConnectionStatus.swift */; };
		T4BL3C0L7MN8L4Y0U7T1F2B3 /* TableColumnLayout.swift in Sources */ = {isa = PBXBuildFile; fileRef = T4BL3C0L7MN8L4Y0U7T1F2B4 /* TableColumnLayout.swift */; };
		W1ND0WL4Y0U7T1F2B3 /* WindowLayout.swift in Sources */ = {isa = PBXBuildFile; fileRef = W1ND0WL4Y0U7T1F2B4 /* WindowLayout.swift */; };
		W1ND0WM1NS1Z3M0D1F13 /* WindowMinSizeModifier.swift in Sources */ = {isa = PBXBuildFile; fileRef = W1ND0WM1NS1Z3M0D1F14 /* WindowMinSizeModifier.swift */; };
		3XP4ND1NGFR4M3F1L3B3 /* ExpandingFrame.swift in Sources */ = {isa = PBXBuildFile; fileRef = 3XP4ND1NGFR4M3F1L3B4 /* ExpandingFrame.swift */; };
		M4NU4LT3STP14N5V3R1F1C4T5 /* ManualTestPlanVerificationTests.swift in Sources */ = {isa = PBXBuildFile; fileRef = M4NU4LT3STP14N5V3R1F1C4T6 /* ManualTestPlanVerificationTests.swift */; };
		H0STK3YPR0MPTV3R1F1C4T5 /* HostKeyPromptVerificationTests.swift in Sources */ = {isa = PBXBuildFile; fileRef = H0STK3YPR0MPTV3R1F1C4T6 /* HostKeyPromptVerificationTests.swift */; };
		H0STK3YC0NF1RMV13WT3ST5 /* HostKeyConfirmViewTests.swift in Sources */ = {isa = PBXBuildFile; fileRef = H0STK3YC0NF1RMV13WT3ST6 /* HostKeyConfirmViewTests.swift */; };
		D5R0P0P3R4T10N5Y5N0C1N5RC /* DropOperationSync.swift in Sources */ = {isa = PBXBuildFile; fileRef = D5R0P0P3R4T10N5Y5N0C1N5RD /* DropOperationSync.swift */; };
		T7R4N5F3R0P4R0G3F0RM4T3RC /* TransferProgressFormatter.swift in Sources */ = {isa = PBXBuildFile; fileRef = T7R4N5F3R0P4R0G3F0RM4T3RD /* TransferProgressFormatter.swift */; };
		T7R4N5F3R0P4R0G3F0RM4T3TS /* TransferProgressFormatterTests.swift in Sources */ = {isa = PBXBuildFile; fileRef = T7R4N5F3R0P4R0G3F0RM4T3TS5 /* TransferProgressFormatterTests.swift */; };
		D5R0P0P3R4T10N5Y5N0C1T5ST /* DropOperationSyncTests.swift in Sources */ = {isa = PBXBuildFile; fileRef = D5R0P0P3R4T10N5Y5N0C1T5ST5 /* DropOperationSyncTests.swift */; };
		F1L3D3R0P4C3C3P7T4N5C3T5ST /* FileDropAcceptanceTests.swift in Sources */ = {isa = PBXBuildFile; fileRef = F1L3D3R0P4C3C3P7T4N5C3T5ST5 /* FileDropAcceptanceTests.swift */; };
		S3C8K0P3B00KM4RKS3RV1C3SW1 /* SecurityScopedBookmarkService.swift in Sources */ = {isa = PBXBuildFile; fileRef = S3C8K0P3B00KM4RKS3RV1C3SW2 /* SecurityScopedBookmarkService.swift */; };
		S3C8K0P3B00KM4RKS3RV1C3T1 /* SecurityScopedBookmarkServiceTests.swift in Sources */ = {isa = PBXBuildFile; fileRef = S3C8K0P3B00KM4RKS3RV1C3T2 /* SecurityScopedBookmarkServiceTests.swift */; };
		APPD4T3C0NF1G5W1FT3BF1 /* AppUpdateConfig.swift in Sources */ = {isa = PBXBuildFile; fileRef = APPD4T3C0NF1G5W1FT3RC1 /* AppUpdateConfig.swift */; };
		APPD4T31NF05W1FT3BF1 /* AppUpdateInfo.swift in Sources */ = {isa = PBXBuildFile; fileRef = APPD4T31NF05W1FT3RC1 /* AppUpdateInfo.swift */; };
		V3R5C0MP4R4T0R5W1FT3BF1 /* VersionComparator.swift in Sources */ = {isa = PBXBuildFile; fileRef = V3R5C0MP4R4T0R5W1FT3RC1 /* VersionComparator.swift */; };
		APPUPD4T3S3RV1C3SW1FT3BF1 /* AppUpdateService.swift in Sources */ = {isa = PBXBuildFile; fileRef = APPUPD4T3S3RV1C3SW1FT3RC1 /* AppUpdateService.swift */; };
		UPD4T3CH3CKV13WT3BF1 /* UpdateCheckViewModel.swift in Sources */ = {isa = PBXBuildFile; fileRef = UPD4T3CH3CKV13WT3RC1 /* UpdateCheckViewModel.swift */; };
		UPD4T34V4BL3V13WT3BF1 /* UpdateAvailableView.swift in Sources */ = {isa = PBXBuildFile; fileRef = UPD4T34V4BL3V13WT3RC1 /* UpdateAvailableView.swift */; };
		V3R5C0MP4R4T0T3ST5BF1 /* VersionComparatorTests.swift in Sources */ = {isa = PBXBuildFile; fileRef = V3R5C0MP4R4T0T3ST5RC1 /* VersionComparatorTests.swift */; };
		APPUPD4T3S3RV1C3T2 /* AppUpdateServiceTests.swift in Sources */ = {isa = PBXBuildFile; fileRef = APPUPD4T3S3RV1C3T1 /* AppUpdateServiceTests.swift */; };
		UPD4T3CH3CKV13WT3ST5BF1 /* UpdateCheckViewModelTests.swift in Sources */ = {isa = PBXBuildFile; fileRef = UPD4T3CH3CKV13WT3ST5RC1 /* UpdateCheckViewModelTests.swift */; };
		P4THN4V1G4T10NH15T0BF1 /* PathNavigationHistory.swift in Sources */ = {isa = PBXBuildFile; fileRef = P4THN4V1G4T10NH15T0RC1 /* PathNavigationHistory.swift */; };
		F1L3TYP31C0N5W1FT3BF1 /* FileTypeIcon.swift in Sources */ = {isa = PBXBuildFile; fileRef = F1L3TYP31C0N5W1FT3RC1 /* FileTypeIcon.swift */; };
		P4THBR34DCRUMBV13WBF1 /* PathBreadcrumbView.swift in Sources */ = {isa = PBXBuildFile; fileRef = P4THBR34DCRUMBV13WRC1 /* PathBreadcrumbView.swift */; };
		P4THN4V1H15T0RYT3STBF1 /* PathNavigationHistoryTests.swift in Sources */ = {isa = PBXBuildFile; fileRef = P4THN4V1H15T0RYT3STRC1 /* PathNavigationHistoryTests.swift */; };
/* End PBXBuildFile section */

/* Begin PBXFileReference section */
		F36AE5D06E7F4A5182730282 /* DockBridge.app */ = {isa = PBXFileReference; explicitFileType = wrapper.application; includeInIndex = 0; path = DockBridge.app; sourceTree = BUILT_PRODUCTS_DIR; };
		2EE262613766A1275ED11960 /* DockBridgeApp.swift */ = {isa = PBXFileReference; lastKnownFileType = sourcecode.swift; path = DockBridgeApp.swift; sourceTree = "<group>"; };
		6CABD5AF970617760D8FA6B3 /* DockBridgeUniffi.swift */ = {isa = PBXFileReference; lastKnownFileType = sourcecode.swift; path = DockBridgeUniffi.swift; sourceTree = "<group>"; };
		09932BA46F7FE81DAD83C80A /* AppConfig.swift */ = {isa = PBXFileReference; lastKnownFileType = sourcecode.swift; path = AppConfig.swift; sourceTree = "<group>"; };
		F3EA1C873F6BA2EA52B40161 /* AuthType.swift */ = {isa = PBXFileReference; lastKnownFileType = sourcecode.swift; path = AuthType.swift; sourceTree = "<group>"; };
		ACD7B5DCE2F20029520D971B /* ConnectionProfile.swift */ = {isa = PBXFileReference; lastKnownFileType = sourcecode.swift; path = ConnectionProfile.swift; sourceTree = "<group>"; };
		ST0R3DPR0F1L3M0D3L1N5RC2 /* StoredConnectionProfile.swift */ = {isa = PBXFileReference; lastKnownFileType = sourcecode.swift; path = StoredConnectionProfile.swift; sourceTree = "<group>"; };
		AAE721AC174FDF5E8E1C9E9C /* ProfileEndpointChange.swift */ = {isa = PBXFileReference; lastKnownFileType = sourcecode.swift; path = ProfileEndpointChange.swift; sourceTree = "<group>"; };
		85A0E836BF343460B3DC13A2 /* LocalFileItem.swift */ = {isa = PBXFileReference; lastKnownFileType = sourcecode.swift; path = LocalFileItem.swift; sourceTree = "<group>"; };
		1E7FDBA4ECAABE2550A535FE /* UniFFIExtensions.swift */ = {isa = PBXFileReference; lastKnownFileType = sourcecode.swift; path = UniFFIExtensions.swift; sourceTree = "<group>"; };
		DBE43F47539AA08723B7C33A /* AppSettingsService.swift */ = {isa = PBXFileReference; lastKnownFileType = sourcecode.swift; path = AppSettingsService.swift; sourceTree = "<group>"; };
		AA9B9731537045170D199A2B /* ConnectionStore.swift */ = {isa = PBXFileReference; lastKnownFileType = sourcecode.swift; path = ConnectionStore.swift; sourceTree = "<group>"; };
		PR0F1L3ENCRYP7S3RV1C3SW2 /* ProfileEncryptionService.swift */ = {isa = PBXFileReference; lastKnownFileType = sourcecode.swift; path = ProfileEncryptionService.swift; sourceTree = "<group>"; };
		6D9B83DAFF9C7E5919036C99 /* ProfileTrustStore.swift */ = {isa = PBXFileReference; lastKnownFileType = sourcecode.swift; path = ProfileTrustStore.swift; sourceTree = "<group>"; };
		PR0F1L3TRU5T5S1GN1NGK3Y2 /* ProfileTrustSigningKeyStore.swift */ = {isa = PBXFileReference; lastKnownFileType = sourcecode.swift; path = ProfileTrustSigningKeyStore.swift; sourceTree = "<group>"; };
		FB89AD68E827E020A07FF4A0 /* HostKeyStore.swift */ = {isa = PBXFileReference; lastKnownFileType = sourcecode.swift; path = HostKeyStore.swift; sourceTree = "<group>"; };
		6675DBE2C22A3DD9D8AD000A /* KeychainService.swift */ = {isa = PBXFileReference; lastKnownFileType = sourcecode.swift; path = KeychainService.swift; sourceTree = "<group>"; };
		5E4FB742B8B0BB716DAA4F7A /* RustBridgeService.swift */ = {isa = PBXFileReference; lastKnownFileType = sourcecode.swift; path = RustBridgeService.swift; sourceTree = "<group>"; };
		D00EBFBF60D5CB33F46A53DF /* ConnectionListViewModel.swift */ = {isa = PBXFileReference; lastKnownFileType = sourcecode.swift; path = ConnectionListViewModel.swift; sourceTree = "<group>"; };
		29C973CCD1AFF29E5BC535CC /* MainViewModel.swift */ = {isa = PBXFileReference; lastKnownFileType = sourcecode.swift; path = MainViewModel.swift; sourceTree = "<group>"; };
		CD683D1BCC635FB229692D63 /* TransferQueueViewModel.swift */ = {isa = PBXFileReference; lastKnownFileType = sourcecode.swift; path = TransferQueueViewModel.swift; sourceTree = "<group>"; };
		B662D1D9B28F3ED6B42DE7F6 /* ConnectionFormView.swift */ = {isa = PBXFileReference; lastKnownFileType = sourcecode.swift; path = ConnectionFormView.swift; sourceTree = "<group>"; };
		ACFD402808165BB5530BCC09 /* ConnectionListView.swift */ = {isa = PBXFileReference; lastKnownFileType = sourcecode.swift; path = ConnectionListView.swift; sourceTree = "<group>"; };
		B82BEACF7A445BC9ED50F71A /* LocalPaneView.swift */ = {isa = PBXFileReference; lastKnownFileType = sourcecode.swift; path = LocalPaneView.swift; sourceTree = "<group>"; };
		116D1D17B76FB470390330BC /* MainView.swift */ = {isa = PBXFileReference; lastKnownFileType = sourcecode.swift; path = MainView.swift; sourceTree = "<group>"; };
		E1A2E6F8AA6C510156A8DABD /* RemotePaneView.swift */ = {isa = PBXFileReference; lastKnownFileType = sourcecode.swift; path = RemotePaneView.swift; sourceTree = "<group>"; };
		FFCE9B37ED92AB8C2C21CC1E /* HostKeyConfirmView.swift */ = {isa = PBXFileReference; lastKnownFileType = sourcecode.swift; path = HostKeyConfirmView.swift; sourceTree = "<group>"; };
		072538B66BFEE10642314E67 /* SettingsView.swift */ = {isa = PBXFileReference; lastKnownFileType = sourcecode.swift; path = SettingsView.swift; sourceTree = "<group>"; };
		1C7BC8DA9077658C709FF8E4 /* DialogCard.swift */ = {isa = PBXFileReference; lastKnownFileType = sourcecode.swift; path = DialogCard.swift; sourceTree = "<group>"; };
		D2B8765D556D65748132CE54 /* ErrorAlert.swift */ = {isa = PBXFileReference; lastKnownFileType = sourcecode.swift; path = ErrorAlert.swift; sourceTree = "<group>"; };
		BBB9667933C17755C399E575 /* TransferQueueView.swift */ = {isa = PBXFileReference; lastKnownFileType = sourcecode.swift; path = TransferQueueView.swift; sourceTree = "<group>"; };
		9AED1666CA758F242828EB4F /* Assets.xcassets */ = {isa = PBXFileReference; lastKnownFileType = folder.assetcatalog; path = Assets.xcassets; sourceTree = "<group>"; };
		22787F42C6257B4877799DC8 /* Info.plist */ = {isa = PBXFileReference; lastKnownFileType = text.plist.xml; path = Info.plist; sourceTree = "<group>"; };
		4D3B24470D299F0C0DA4E563 /* DockBridge.entitlements */ = {isa = PBXFileReference; lastKnownFileType = text.plist.entitlements; path = DockBridge.entitlements; sourceTree = "<group>"; };
		B2C3D4E5F60718293A4B5C6D /* RemotePath.swift */ = {isa = PBXFileReference; lastKnownFileType = sourcecode.swift; path = RemotePath.swift; sourceTree = "<group>"; };
		0A40063842C3BF02492D35D4 /* SensitiveString.swift */ = {isa = PBXFileReference; lastKnownFileType = sourcecode.swift; path = SensitiveString.swift; sourceTree = "<group>"; };
		D4E5F60718293A4B5C6D7E8F /* RemotePathTests.swift */ = {isa = PBXFileReference; lastKnownFileType = sourcecode.swift; path = RemotePathTests.swift; sourceTree = "<group>"; };
		F60718293A4B5C6D7E8F9012 /* HostKeyStoreTests.swift */ = {isa = PBXFileReference; lastKnownFileType = sourcecode.swift; path = HostKeyStoreTests.swift; sourceTree = "<group>"; };
		C0NN3CT10N5T0R3T3ST5RC4 /* ConnectionStoreTests.swift */ = {isa = PBXFileReference; lastKnownFileType = sourcecode.swift; path = ConnectionStoreTests.swift; sourceTree = "<group>"; };
		PR0F1L3ENCRYP7S3RV1C3T2 /* ProfileEncryptionServiceTests.swift */ = {isa = PBXFileReference; lastKnownFileType = sourcecode.swift; path = ProfileEncryptionServiceTests.swift; sourceTree = "<group>"; };
		PR0F1L3TRU5T5T0R3T3ST5RC4 /* ProfileTrustStoreTests.swift */ = {isa = PBXFileReference; lastKnownFileType = sourcecode.swift; path = ProfileTrustStoreTests.swift; sourceTree = "<group>"; };
		C0NN3CT10NL15TV13W0D3LT3STRC4 /* ConnectionListViewModelTests.swift */ = {isa = PBXFileReference; lastKnownFileType = sourcecode.swift; path = ConnectionListViewModelTests.swift; sourceTree = "<group>"; };
		18293A4B5C6D7E8F90123456 /* KeychainServiceTests.swift */ = {isa = PBXFileReference; lastKnownFileType = sourcecode.swift; path = KeychainServiceTests.swift; sourceTree = "<group>"; };
		S3NS1T1V3STR1NGT3ST5RC2 /* SensitiveStringTests.swift */ = {isa = PBXFileReference; lastKnownFileType = sourcecode.swift; path = SensitiveStringTests.swift; sourceTree = "<group>"; };
		P4THN4V1G4T10NH15T0RC1 /* PathNavigationHistory.swift */ = {isa = PBXFileReference; lastKnownFileType = sourcecode.swift; path = PathNavigationHistory.swift; sourceTree = "<group>"; };
		F1L3TYP31C0N5W1FT3RC1 /* FileTypeIcon.swift */ = {isa = PBXFileReference; lastKnownFileType = sourcecode.swift; path = FileTypeIcon.swift; sourceTree = "<group>"; };
		P4THBR34DCRUMBV13WRC1 /* PathBreadcrumbView.swift */ = {isa = PBXFileReference; lastKnownFileType = sourcecode.swift; path = PathBreadcrumbView.swift; sourceTree = "<group>"; };
		P4THN4V1H15T0RYT3STRC1 /* PathNavigationHistoryTests.swift */ = {isa = PBXFileReference; lastKnownFileType = sourcecode.swift; path = PathNavigationHistoryTests.swift; sourceTree = "<group>"; };
		3B4C5D6E7F8091A2B3C4D5E6 /* KnownHostsErrorMessageTests.swift */ = {isa = PBXFileReference; lastKnownFileType = sourcecode.swift; path = KnownHostsErrorMessageTests.swift; sourceTree = "<group>"; };
		293A4B5C6D7E8F9012345678 /* DockBridgeTests.xctest */ = {isa = PBXFileReference; explicitFileType = wrapper.cfbundle; includeInIndex = 0; path = DockBridgeTests.xctest; sourceTree = BUILT_PRODUCTS_DIR; };
		F1D2R3A4G5P6A7Y8L9O0A1D3 /* FileDragPayload.swift */ = {isa = PBXFileReference; lastKnownFileType = sourcecode.swift; path = FileDragPayload.swift; sourceTree = "<group>"; };
		F1D2R3O4P5V6A7L8I9D0A1T2I4 /* FileDropValidation.swift */ = {isa = PBXFileReference; lastKnownFileType = sourcecode.swift; path = FileDropValidation.swift; sourceTree = "<group>"; };
		F1D2R3O4P5E6R7R8O9R0A1B2C4 /* FileDropError.swift */ = {isa = PBXFileReference; lastKnownFileType = sourcecode.swift; path = FileDropError.swift; sourceTree = "<group>"; };
		F1I2L3E4D5R6O7P8M9O0D1I2F4 /* FileDropModifiers.swift */ = {isa = PBXFileReference; lastKnownFileType = sourcecode.swift; path = FileDropModifiers.swift; sourceTree = "<group>"; };
		F1D2R3O4P5V6A7L8I9D0T1E2S3T5 /* FileDropValidationTests.swift */ = {isa = PBXFileReference; lastKnownFileType = sourcecode.swift; path = FileDropValidationTests.swift; sourceTree = "<group>"; };
		C0NN3CT10N5T4TU5B4R1N5RC4 /* ConnectionStatusBar.swift */ = {isa = PBXFileReference; lastKnownFileType = sourcecode.swift; path = ConnectionStatusBar.swift; sourceTree = "<group>"; };
		C0NN3CT10N5T4TU5M1ND1C4T0R2 /* ConnectionStatusIndicator.swift */ = {isa = PBXFileReference; lastKnownFileType = sourcecode.swift; path = ConnectionStatusIndicator.swift; sourceTree = "<group>"; };
		CL1PB04RDH3LP3R1N5RC2 /* ClipboardHelper.swift */ = {isa = PBXFileReference; lastKnownFileType = sourcecode.swift; path = ClipboardHelper.swift; sourceTree = "<group>"; };
		P4TH5UMM4RYR0W1N5RC2 /* PathSummaryRow.swift */ = {isa = PBXFileReference; lastKnownFileType = sourcecode.swift; path = PathSummaryRow.swift; sourceTree = "<group>"; };
		P4N3P4THB4R5F1L3B4 /* PanePathBars.swift */ = {isa = PBXFileReference; lastKnownFileType = sourcecode.swift; path = PanePathBars.swift; sourceTree = "<group>"; };
		D5R0PT4RG3T0V3RL4Y1D2B4 /* DropTargetOverlay.swift */ = {isa = PBXFileReference; lastKnownFileType = sourcecode.swift; path = DropTargetOverlay.swift; sourceTree = "<group>"; };
		C0NN3CT10N5T4TU5M0D3L1N5RD /* ConnectionStatus.swift */ = {isa = PBXFileReference; lastKnownFileType = sourcecode.swift; path = ConnectionStatus.swift; sourceTree = "<group>"; };
		T4BL3C0L7MN8L4Y0U7T1F2B4 /* TableColumnLayout.swift */ = {isa = PBXFileReference; lastKnownFileType = sourcecode.swift; path = TableColumnLayout.swift; sourceTree = "<group>"; };
		W1ND0WL4Y0U7T1F2B4 /* WindowLayout.swift */ = {isa = PBXFileReference; lastKnownFileType = sourcecode.swift; path = WindowLayout.swift; sourceTree = "<group>"; };
		W1ND0WM1NS1Z3M0D1F14 /* WindowMinSizeModifier.swift */ = {isa = PBXFileReference; lastKnownFileType = sourcecode.swift; path = WindowMinSizeModifier.swift; sourceTree = "<group>"; };
		3XP4ND1NGFR4M3F1L3B4 /* ExpandingFrame.swift */ = {isa = PBXFileReference; lastKnownFileType = sourcecode.swift; path = ExpandingFrame.swift; sourceTree = "<group>"; };
		M4NU4LT3STP14N5V3R1F1C4T6 /* ManualTestPlanVerificationTests.swift */ = {isa = PBXFileReference; lastKnownFileType = sourcecode.swift; path = ManualTestPlanVerificationTests.swift; sourceTree = "<group>"; };
		H0STK3YPR0MPTV3R1F1C4T6 /* HostKeyPromptVerificationTests.swift */ = {isa = PBXFileReference; lastKnownFileType = sourcecode.swift; path = HostKeyPromptVerificationTests.swift; sourceTree = "<group>"; };
		H0STK3YC0NF1RMV13WT3ST6 /* HostKeyConfirmViewTests.swift */ = {isa = PBXFileReference; lastKnownFileType = sourcecode.swift; path = HostKeyConfirmViewTests.swift; sourceTree = "<group>"; };
		D5R0P0P3R4T10N5Y5N0C1N5RD /* DropOperationSync.swift */ = {isa = PBXFileReference; lastKnownFileType = sourcecode.swift; path = DropOperationSync.swift; sourceTree = "<group>"; };
		T7R4N5F3R0P4R0G3F0RM4T3RD /* TransferProgressFormatter.swift */ = {isa = PBXFileReference; lastKnownFileType = sourcecode.swift; path = TransferProgressFormatter.swift; sourceTree = "<group>"; };
		T7R4N5F3R0P4R0G3F0RM4T3TS5 /* TransferProgressFormatterTests.swift */ = {isa = PBXFileReference; lastKnownFileType = sourcecode.swift; path = TransferProgressFormatterTests.swift; sourceTree = "<group>"; };
		D5R0P0P3R4T10N5Y5N0C1T5ST5 /* DropOperationSyncTests.swift */ = {isa = PBXFileReference; lastKnownFileType = sourcecode.swift; path = DropOperationSyncTests.swift; sourceTree = "<group>"; };
		F1L3D3R0P4C3C3P7T4N5C3T5ST5 /* FileDropAcceptanceTests.swift */ = {isa = PBXFileReference; lastKnownFileType = sourcecode.swift; path = FileDropAcceptanceTests.swift; sourceTree = "<group>"; };
		S3C8K0P3B00KM4RKS3RV1C3SW2 /* SecurityScopedBookmarkService.swift */ = {isa = PBXFileReference; lastKnownFileType = sourcecode.swift; path = SecurityScopedBookmarkService.swift; sourceTree = "<group>"; };
		S3C8K0P3B00KM4RKS3RV1C3T2 /* SecurityScopedBookmarkServiceTests.swift */ = {isa = PBXFileReference; lastKnownFileType = sourcecode.swift; path = SecurityScopedBookmarkServiceTests.swift; sourceTree = "<group>"; };
		APPD4T3C0NF1G5W1FT3RC1 /* AppUpdateConfig.swift */ = {isa = PBXFileReference; lastKnownFileType = sourcecode.swift; path = AppUpdateConfig.swift; sourceTree = "<group>"; };
		APPD4T31NF05W1FT3RC1 /* AppUpdateInfo.swift */ = {isa = PBXFileReference; lastKnownFileType = sourcecode.swift; path = AppUpdateInfo.swift; sourceTree = "<group>"; };
		V3R5C0MP4R4T0R5W1FT3RC1 /* VersionComparator.swift */ = {isa = PBXFileReference; lastKnownFileType = sourcecode.swift; path = VersionComparator.swift; sourceTree = "<group>"; };
		APPUPD4T3S3RV1C3SW1FT3RC1 /* AppUpdateService.swift */ = {isa = PBXFileReference; lastKnownFileType = sourcecode.swift; path = AppUpdateService.swift; sourceTree = "<group>"; };
		UPD4T3CH3CKV13WT3RC1 /* UpdateCheckViewModel.swift */ = {isa = PBXFileReference; lastKnownFileType = sourcecode.swift; path = UpdateCheckViewModel.swift; sourceTree = "<group>"; };
		UPD4T34V4BL3V13WT3RC1 /* UpdateAvailableView.swift */ = {isa = PBXFileReference; lastKnownFileType = sourcecode.swift; path = UpdateAvailableView.swift; sourceTree = "<group>"; };
		V3R5C0MP4R4T0T3ST5RC1 /* VersionComparatorTests.swift */ = {isa = PBXFileReference; lastKnownFileType = sourcecode.swift; path = VersionComparatorTests.swift; sourceTree = "<group>"; };
		APPUPD4T3S3RV1C3T1 /* AppUpdateServiceTests.swift */ = {isa = PBXFileReference; lastKnownFileType = sourcecode.swift; path = AppUpdateServiceTests.swift; sourceTree = "<group>"; };
		UPD4T3CH3CKV13WT3ST5RC1 /* UpdateCheckViewModelTests.swift */ = {isa = PBXFileReference; lastKnownFileType = sourcecode.swift; path = UpdateCheckViewModelTests.swift; sourceTree = "<group>"; };
/* End PBXFileReference section */

/* Begin PBXFrameworksBuildPhase section */
		EA974F75FF97A3F5DEE6C4BE /* Frameworks */ = {
			isa = PBXFrameworksBuildPhase;
			buildActionMask = 2147483647;
			files = (
			);
			runOnlyForDeploymentPostprocessing = 0;
		};
		3A4B5C6D7E8F901234567890 /* Frameworks */ = {
			isa = PBXFrameworksBuildPhase;
			buildActionMask = 2147483647;
			files = (
			);
			runOnlyForDeploymentPostprocessing = 0;
		};
/* End PBXFrameworksBuildPhase section */

/* Begin PBXContainerItemProxy section */
		4B5C6D7E8F90123456789012 /* PBXContainerItemProxy */ = {
			isa = PBXContainerItemProxy;
			containerPortal = C80F8E547D6BF728599AA5EE /* Project object */;
			proxyType = 1;
			remoteGlobalIDString = 01CAD85488C4961FCA9CA750;
			remoteInfo = DockBridge;
		};
/* End PBXContainerItemProxy section */

/* Begin PBXGroup section */
		87CDDACCF177318DE5ECAA16 /* Products */ = {
			isa = PBXGroup;
			children = (
				F36AE5D06E7F4A5182730282 /* DockBridge.app */,
				293A4B5C6D7E8F9012345678 /* DockBridgeTests.xctest */,
			);
			name = Products;
			sourceTree = "<group>";
		};
		8D83B1316352364FF005E54E /* Connection */ = {
			isa = PBXGroup;
			children = (
				B662D1D9B28F3ED6B42DE7F6 /* ConnectionFormView.swift */,
				ACFD402808165BB5530BCC09 /* ConnectionListView.swift */,
			);
			path = Connection;
			sourceTree = "<group>";
		};
		C7BC360528F9E33D34270AA4 /* Main */ = {
			isa = PBXGroup;
			children = (
				F1I2L3E4D5R6O7P8M9O0D1I2F4 /* FileDropModifiers.swift */,
				B82BEACF7A445BC9ED50F71A /* LocalPaneView.swift */,
				116D1D17B76FB470390330BC /* MainView.swift */,
				E1A2E6F8AA6C510156A8DABD /* RemotePaneView.swift */,
			);
			path = Main;
			sourceTree = "<group>";
		};
		F893CF1118C6E52535C24466 /* Security */ = {
			isa = PBXGroup;
			children = (
				FFCE9B37ED92AB8C2C21CC1E /* HostKeyConfirmView.swift */,
			);
			path = Security;
			sourceTree = "<group>";
		};
		UPD4T3V13WT3GRP1 /* Update */ = {
			isa = PBXGroup;
			children = (
				UPD4T34V4BL3V13WT3RC1 /* UpdateAvailableView.swift */,
			);
			path = Update;
			sourceTree = "<group>";
		};
		APPD4T3C0NF1G5W1FT3GRP1 /* Config */ = {
			isa = PBXGroup;
			children = (
				APPD4T3C0NF1G5W1FT3RC1 /* AppUpdateConfig.swift */,
			);
			path = Config;
			sourceTree = "<group>";
		};
		CDB38CFA6CE21FAC5EDA57F2 /* Settings */ = {
			isa = PBXGroup;
			children = (
				072538B66BFEE10642314E67 /* SettingsView.swift */,
			);
			path = Settings;
			sourceTree = "<group>";
		};
		141E446FF2C7A61E13702B31 /* Shared */ = {
			isa = PBXGroup;
			children = (
				C0NN3CT10N5T4TU5B4R1N5RC4 /* ConnectionStatusBar.swift */,
				C0NN3CT10N5T4TU5M1ND1C4T0R2 /* ConnectionStatusIndicator.swift */,
				1C7BC8DA9077658C709FF8E4 /* DialogCard.swift */,
				D5R0PT4RG3T0V3RL4Y1D2B4 /* DropTargetOverlay.swift */,
				D2B8765D556D65748132CE54 /* ErrorAlert.swift */,
				P4TH5UMM4RYR0W1N5RC2 /* PathSummaryRow.swift */,
				P4N3P4THB4R5F1L3B4 /* PanePathBars.swift */,
				P4THBR34DCRUMBV13WRC1 /* PathBreadcrumbView.swift */,
			);
			path = Shared;
			sourceTree = "<group>";
		};
		C887E6561EC056DAA19FA858 /* Transfer */ = {
			isa = PBXGroup;
			children = (
				BBB9667933C17755C399E575 /* TransferQueueView.swift */,
			);
			path = Transfer;
			sourceTree = "<group>";
		};
		64B7118BB78101A16549F2E0 /* App */ = {
			isa = PBXGroup;
			children = (
				2EE262613766A1275ED11960 /* DockBridgeApp.swift */,
			);
			path = App;
			sourceTree = "<group>";
		};
		F42A07F6A8CAB9C91AA22A75 /* Generated */ = {
			isa = PBXGroup;
			children = (
				6CABD5AF970617760D8FA6B3 /* DockBridgeUniffi.swift */,
			);
			path = Generated;
			sourceTree = "<group>";
		};
		3D36BF4FEDAE3131C117398E /* Models */ = {
			isa = PBXGroup;
			children = (
				09932BA46F7FE81DAD83C80A /* AppConfig.swift */,
				APPD4T31NF05W1FT3RC1 /* AppUpdateInfo.swift */,
				C0NN3CT10N5T4TU5M0D3L1N5RD /* ConnectionStatus.swift */,
				F3EA1C873F6BA2EA52B40161 /* AuthType.swift */,
				ACD7B5DCE2F20029520D971B /* ConnectionProfile.swift */,
				ST0R3DPR0F1L3M0D3L1N5RC2 /* StoredConnectionProfile.swift */,
				AAE721AC174FDF5E8E1C9E9C /* ProfileEndpointChange.swift */,
				F1D2R3O4P5E6R7R8O9R0A1B2C4 /* FileDropError.swift */,
				F1D2R3O4P5V6A7L8I9D0A1T2I4 /* FileDropValidation.swift */,
				F1D2R3A4G5P6A7Y8L9O0A1D3 /* FileDragPayload.swift */,
				85A0E836BF343460B3DC13A2 /* LocalFileItem.swift */,
				1E7FDBA4ECAABE2550A535FE /* UniFFIExtensions.swift */,
				B2C3D4E5F60718293A4B5C6D /* RemotePath.swift */,
				0A40063842C3BF02492D35D4 /* SensitiveString.swift */,
				P4THN4V1G4T10NH15T0RC1 /* PathNavigationHistory.swift */,
			);
			path = Models;
			sourceTree = "<group>";
		};
		E91B28D0DE8A916C703786B0 /* Resources */ = {
			isa = PBXGroup;
			children = (
				9AED1666CA758F242828EB4F /* Assets.xcassets */,
				4D3B24470D299F0C0DA4E563 /* DockBridge.entitlements */,
				22787F42C6257B4877799DC8 /* Info.plist */,
			);
			path = Resources;
			sourceTree = "<group>";
		};
		891E99F91B872FF72792D70B /* Services */ = {
			isa = PBXGroup;
			children = (
				DBE43F47539AA08723B7C33A /* AppSettingsService.swift */,
				APPUPD4T3S3RV1C3SW1FT3RC1 /* AppUpdateService.swift */,
				AA9B9731537045170D199A2B /* ConnectionStore.swift */,
				PR0F1L3ENCRYP7S3RV1C3SW2 /* ProfileEncryptionService.swift */,
				6D9B83DAFF9C7E5919036C99 /* ProfileTrustStore.swift */,
				PR0F1L3TRU5T5S1GN1NGK3Y2 /* ProfileTrustSigningKeyStore.swift */,
				FB89AD68E827E020A07FF4A0 /* HostKeyStore.swift */,
				6675DBE2C22A3DD9D8AD000A /* KeychainService.swift */,
				5E4FB742B8B0BB716DAA4F7A /* RustBridgeService.swift */,
				S3C8K0P3B00KM4RKS3RV1C3SW2 /* SecurityScopedBookmarkService.swift */,
				V3R5C0MP4R4T0R5W1FT3RC1 /* VersionComparator.swift */,
			);
			path = Services;
			sourceTree = "<group>";
		};
		9191B6D823CD022BDDC5A6F5 /* ViewModels */ = {
			isa = PBXGroup;
			children = (
				D00EBFBF60D5CB33F46A53DF /* ConnectionListViewModel.swift */,
				29C973CCD1AFF29E5BC535CC /* MainViewModel.swift */,
				CD683D1BCC635FB229692D63 /* TransferQueueViewModel.swift */,
				UPD4T3CH3CKV13WT3RC1 /* UpdateCheckViewModel.swift */,
			);
			path = ViewModels;
			sourceTree = "<group>";
		};
		9433695122BE5DE72F13526A /* Views */ = {
			isa = PBXGroup;
			children = (
				8D83B1316352364FF005E54E /* Connection */,
				C7BC360528F9E33D34270AA4 /* Main */,
				F893CF1118C6E52535C24466 /* Security */,
				CDB38CFA6CE21FAC5EDA57F2 /* Settings */,
				UPD4T3V13WT3GRP1 /* Update */,
				141E446FF2C7A61E13702B31 /* Shared */,
				C887E6561EC056DAA19FA858 /* Transfer */,
			);
			path = Views;
			sourceTree = "<group>";
		};
		T4BL3C0L7MN8L4Y0U7T1F2G5 /* UI */ = {
			isa = PBXGroup;
			children = (
				CL1PB04RDH3LP3R1N5RC2 /* ClipboardHelper.swift */,
				D5R0P0P3R4T10N5Y5N0C1N5RD /* DropOperationSync.swift */,
				T7R4N5F3R0P4R0G3F0RM4T3RD /* TransferProgressFormatter.swift */,
				3XP4ND1NGFR4M3F1L3B4 /* ExpandingFrame.swift */,
				T4BL3C0L7MN8L4Y0U7T1F2B4 /* TableColumnLayout.swift */,
				W1ND0WL4Y0U7T1F2B4 /* WindowLayout.swift */,
				W1ND0WM1NS1Z3M0D1F14 /* WindowMinSizeModifier.swift */,
				F1L3TYP31C0N5W1FT3RC1 /* FileTypeIcon.swift */,
			);
			path = UI;
			sourceTree = "<group>";
		};
		BAB49F2A1F033AE85B7E9D10 /* DockBridge */ = {
			isa = PBXGroup;
			children = (
				64B7118BB78101A16549F2E0 /* App */,
				APPD4T3C0NF1G5W1FT3GRP1 /* Config */,
				F42A07F6A8CAB9C91AA22A75 /* Generated */,
				3D36BF4FEDAE3131C117398E /* Models */,
				E91B28D0DE8A916C703786B0 /* Resources */,
				891E99F91B872FF72792D70B /* Services */,
				T4BL3C0L7MN8L4Y0U7T1F2G5 /* UI */,
				9191B6D823CD022BDDC5A6F5 /* ViewModels */,
				9433695122BE5DE72F13526A /* Views */,
			);
			path = DockBridge;
			sourceTree = "<group>";
		};
		5C6D7E8F9012345678901234 /* DockBridgeTests */ = {
			isa = PBXGroup;
			children = (
				APPUPD4T3S3RV1C3T1 /* AppUpdateServiceTests.swift */,
				D5R0P0P3R4T10N5Y5N0C1T5ST5 /* DropOperationSyncTests.swift */,
				F1L3D3R0P4C3C3P7T4N5C3T5ST5 /* FileDropAcceptanceTests.swift */,
				T7R4N5F3R0P4R0G3F0RM4T3TS5 /* TransferProgressFormatterTests.swift */,
				F1D2R3O4P5V6A7L8I9D0T1E2S3T5 /* FileDropValidationTests.swift */,
				D4E5F60718293A4B5C6D7E8F /* RemotePathTests.swift */,
				F60718293A4B5C6D7E8F9012 /* HostKeyStoreTests.swift */,
				C0NN3CT10N5T0R3T3ST5RC4 /* ConnectionStoreTests.swift */,
				PR0F1L3ENCRYP7S3RV1C3T2 /* ProfileEncryptionServiceTests.swift */,
				PR0F1L3TRU5T5T0R3T3ST5RC4 /* ProfileTrustStoreTests.swift */,
				C0NN3CT10NL15TV13W0D3LT3STRC4 /* ConnectionListViewModelTests.swift */,
				18293A4B5C6D7E8F90123456 /* KeychainServiceTests.swift */,
				3B4C5D6E7F8091A2B3C4D5E6 /* KnownHostsErrorMessageTests.swift */,
				M4NU4LT3STP14N5V3R1F1C4T6 /* ManualTestPlanVerificationTests.swift */,
				H0STK3YPR0MPTV3R1F1C4T6 /* HostKeyPromptVerificationTests.swift */,
				H0STK3YC0NF1RMV13WT3ST6 /* HostKeyConfirmViewTests.swift */,
				S3C8K0P3B00KM4RKS3RV1C3T2 /* SecurityScopedBookmarkServiceTests.swift */,
				S3NS1T1V3STR1NGT3ST5RC2 /* SensitiveStringTests.swift */,
				UPD4T3CH3CKV13WT3ST5RC1 /* UpdateCheckViewModelTests.swift */,
				V3R5C0MP4R4T0T3ST5RC1 /* VersionComparatorTests.swift */,
				P4THN4V1H15T0RYT3STRC1 /* PathNavigationHistoryTests.swift */,
			);
			path = DockBridgeTests;
			sourceTree = "<group>";
		};
		DE99CDF01B2999AFA1EC9582 = {
			isa = PBXGroup;
			children = (
				BAB49F2A1F033AE85B7E9D10 /* DockBridge */,
				5C6D7E8F9012345678901234 /* DockBridgeTests */,
				87CDDACCF177318DE5ECAA16 /* Products */,
			);
			sourceTree = "<group>";
		};
/* End PBXGroup section */

/* Begin PBXNativeTarget section */
		01CAD85488C4961FCA9CA750 /* DockBridge */ = {
			isa = PBXNativeTarget;
			buildConfigurationList = 997FA1398B0E9DF976ECCB47 /* Build configuration list for PBXNativeTarget "DockBridge" */;
			buildPhases = (
				2BD1AD603817D01FD437513F /* Generate UniFFI Bindings */,
				FBA3DE38A25B6160C8CF03A1 /* Sources */,
				EA974F75FF97A3F5DEE6C4BE /* Frameworks */,
				ED809E2469EA48300F1D1F35 /* Resources */,
				A1B2C3D4E5F60718293A4B5D /* Generate Dock App Icon icns */,
			);
			buildRules = (
			);
			dependencies = (
			);
			name = DockBridge;
			productName = DockBridge;
			productReference = F36AE5D06E7F4A5182730282 /* DockBridge.app */;
			productType = "com.apple.product-type.application";
		};
		6D7E8F901234567890123456 /* DockBridgeTests */ = {
			isa = PBXNativeTarget;
			buildConfigurationList = 7E8F90123456789012345678 /* Build configuration list for PBXNativeTarget "DockBridgeTests" */;
			buildPhases = (
				8F9012345678901234567890 /* Sources */,
				3A4B5C6D7E8F901234567890 /* Frameworks */,
			);
			buildRules = (
			);
			dependencies = (
				901234567890123456789012 /* PBXTargetDependency */,
			);
			name = DockBridgeTests;
			productName = DockBridgeTests;
			productReference = 293A4B5C6D7E8F9012345678 /* DockBridgeTests.xctest */;
			productType = "com.apple.product-type.bundle.unit-test";
		};
/* End PBXNativeTarget section */

/* Begin PBXProject section */
		C80F8E547D6BF728599AA5EE /* Project object */ = {
			isa = PBXProject;
			attributes = {
				BuildIndependentTargetsInParallel = 1;
				LastSwiftUpdateCheck = 1600;
				LastUpgradeCheck = 1600;
			};
			buildConfigurationList = 6019C0614AA3ED3012D948F0 /* Build configuration list for PBXProject "DockBridge" */;
			compatibilityVersion = "Xcode 14.0";
			developmentRegion = en;
			hasScannedForEncodings = 0;
			knownRegions = (
				en,
				Base,
			);
			mainGroup = DE99CDF01B2999AFA1EC9582;
			productRefGroup = 87CDDACCF177318DE5ECAA16 /* Products */;
			projectDirPath = "";
			projectRoot = "";
			targets = (
				01CAD85488C4961FCA9CA750 /* DockBridge */,
				6D7E8F901234567890123456 /* DockBridgeTests */,
			);
		};
/* End PBXProject section */

/* Begin PBXResourcesBuildPhase section */
		ED809E2469EA48300F1D1F35 /* Resources */ = {
			isa = PBXResourcesBuildPhase;
			buildActionMask = 2147483647;
			files = (
				4D3B078A85CF43E4F57F1AD1 /* Assets.xcassets in Resources */,
			);
			runOnlyForDeploymentPostprocessing = 0;
		};
/* End PBXResourcesBuildPhase section */

/* Begin PBXShellScriptBuildPhase section */
		2BD1AD603817D01FD437513F /* Generate UniFFI Bindings */ = {
			isa = PBXShellScriptBuildPhase;
			alwaysOutOfDate = 1;
			buildActionMask = 2147483647;
			files = (
			);
			inputFileListPaths = (
			);
			inputPaths = (
			);
			name = "Generate UniFFI Bindings";
			outputFileListPaths = (
			);
			outputPaths = (
			);
			shellScript = "set -euo pipefail\nexport PATH=\"${HOME}/.cargo/bin:/opt/homebrew/bin:/usr/local/bin:${PATH}\"\nROOT=\"${SRCROOT}/../..\"\n\"${ROOT}/scripts/build-rust.sh\" \"\" release\n\"${ROOT}/scripts/generate-uniffi.sh\" \"\" release\n";
		};
		A1B2C3D4E5F60718293A4B5D /* Generate Dock App Icon icns */ = {
			isa = PBXShellScriptBuildPhase;
			alwaysOutOfDate = 1;
			buildActionMask = 2147483647;
			files = (
			);
			inputFileListPaths = (
			);
			inputPaths = (
			);
			name = "Generate Dock App Icon icns";
			outputFileListPaths = (
			);
			outputPaths = (
			);
			shellScript = "set -euo pipefail\nOUT=\"${BUILT_PRODUCTS_DIR}/${FULL_PRODUCT_NAME}/Contents/Resources/AppIcon.icns\"\n\"${SRCROOT}/../../scripts/generate-app-icon-icns.sh\" \"$OUT\"\n";
		};
/* End PBXShellScriptBuildPhase section */

/* Begin PBXSourcesBuildPhase section */
		FBA3DE38A25B6160C8CF03A1 /* Sources */ = {
			isa = PBXSourcesBuildPhase;
			buildActionMask = 2147483647;
			files = (
				17F6636920AF829C015253C3 /* DockBridgeApp.swift in Sources */,
				781B711789B9DB6630834C56 /* DockBridgeUniffi.swift in Sources */,
				8BDFD143D7160A697BC046C3 /* AppConfig.swift in Sources */,
				47B65A6DC688402703026ABF /* AuthType.swift in Sources */,
				6D87A264B141B29EB44D1F64 /* ConnectionProfile.swift in Sources */,
				ST0R3DPR0F1L3M0D3L1N5RC1 /* StoredConnectionProfile.swift in Sources */,
				8AF9F53D6EDF8C2CCD6C9AE3 /* ProfileEndpointChange.swift in Sources */,
				A84F06720E0FA6B9EFAC86A9 /* LocalFileItem.swift in Sources */,
				DEAAB69B962239B2FF2B68B5 /* UniFFIExtensions.swift in Sources */,
				6B586B55FA53102F7DF8BEFE /* AppSettingsService.swift in Sources */,
				E343B62539FDD93851A20646 /* ConnectionStore.swift in Sources */,
				PR0F1L3ENCRYP7S3RV1C3SW1 /* ProfileEncryptionService.swift in Sources */,
				CA00FEA0559FBBCE3E5F20F0 /* ProfileTrustStore.swift in Sources */,
				PR0F1L3TRU5T5S1GN1NGK3Y1 /* ProfileTrustSigningKeyStore.swift in Sources */,
				EBE6C0D78C1B9D2DFB9E66B6 /* HostKeyStore.swift in Sources */,
				6B644EEA7799402A90D59AAA /* KeychainService.swift in Sources */,
				14A839F4D61A1075B5ACF82D /* RustBridgeService.swift in Sources */,
				S3C8K0P3B00KM4RKS3RV1C3SW1 /* SecurityScopedBookmarkService.swift in Sources */,
				9207DDB127B46575474EC6F5 /* ConnectionListViewModel.swift in Sources */,
				67E6AD45895AF44CA96D83BB /* MainViewModel.swift in Sources */,
				5061A717EBE8AB1160ED99D1 /* TransferQueueViewModel.swift in Sources */,
				E4EF5F2D30150DB88A95D17E /* ConnectionFormView.swift in Sources */,
				8DF8897F5DCB796CC1AA4A0F /* ConnectionListView.swift in Sources */,
				AEEC8329F755346C8087472D /* LocalPaneView.swift in Sources */,
				1855FA75811F909D6558F748 /* MainView.swift in Sources */,
				59E97F8DE7D811CC4EA1A6B0 /* RemotePaneView.swift in Sources */,
				4F485BCC460E809CBC369F6D /* HostKeyConfirmView.swift in Sources */,
				629A59E59C65594C7998652C /* SettingsView.swift in Sources */,
				C0NN3CT10N5T4TU5B4R1N5RC3 /* ConnectionStatusBar.swift in Sources */,
				C0NN3CT10N5T4TU5M1ND1C4T0R1 /* ConnectionStatusIndicator.swift in Sources */,
				CL1PB04RDH3LP3R1N5RC1 /* ClipboardHelper.swift in Sources */,
				P4TH5UMM4RYR0W1N5RC1 /* PathSummaryRow.swift in Sources */,
				P4N3P4THB4R5F1L3B3 /* PanePathBars.swift in Sources */,
				D5R0PT4RG3T0V3RL4Y1D2B3 /* DropTargetOverlay.swift in Sources */,
				C0NN3CT10N5T4TU5M0D3L1N5RC /* ConnectionStatus.swift in Sources */,
				34CA58A3F2B38019A03EF761 /* DialogCard.swift in Sources */,
				C6C9511134C456CD869B7886 /* ErrorAlert.swift in Sources */,
				B88C98D983E322436E126A74 /* TransferQueueView.swift in Sources */,
				A1B2C3D4E5F60718293A4B5C /* RemotePath.swift in Sources */,
				7B93DBDFA0EAC7D859065E1B /* SensitiveString.swift in Sources */,
				F1D2R3O4P5E6R7R8O9R0A1B2C3 /* FileDropError.swift in Sources */,
				F1D2R3O4P5V6A7L8I9D0A1T2I3 /* FileDropValidation.swift in Sources */,
				F1D2R3A4G5P6A7Y8L9O0A1D2 /* FileDragPayload.swift in Sources */,
				F1I2L3E4D5R6O7P8M9O0D1I2F3 /* FileDropModifiers.swift in Sources */,
				D5R0P0P3R4T10N5Y5N0C1N5RC /* DropOperationSync.swift in Sources */,
				T7R4N5F3R0P4R0G3F0RM4T3RC /* TransferProgressFormatter.swift in Sources */,
				3XP4ND1NGFR4M3F1L3B3 /* ExpandingFrame.swift in Sources */,
				T4BL3C0L7MN8L4Y0U7T1F2B3 /* TableColumnLayout.swift in Sources */,
				W1ND0WL4Y0U7T1F2B3 /* WindowLayout.swift in Sources */,
				W1ND0WM1NS1Z3M0D1F13 /* WindowMinSizeModifier.swift in Sources */,
				APPD4T3C0NF1G5W1FT3BF1 /* AppUpdateConfig.swift in Sources */,
				APPD4T31NF05W1FT3BF1 /* AppUpdateInfo.swift in Sources */,
				V3R5C0MP4R4T0R5W1FT3BF1 /* VersionComparator.swift in Sources */,
				APPUPD4T3S3RV1C3SW1FT3BF1 /* AppUpdateService.swift in Sources */,
				UPD4T3CH3CKV13WT3BF1 /* UpdateCheckViewModel.swift in Sources */,
				UPD4T34V4BL3V13WT3BF1 /* UpdateAvailableView.swift in Sources */,
				P4THN4V1G4T10NH15T0BF1 /* PathNavigationHistory.swift in Sources */,
				F1L3TYP31C0N5W1FT3BF1 /* FileTypeIcon.swift in Sources */,
				P4THBR34DCRUMBV13WBF1 /* PathBreadcrumbView.swift in Sources */,
			);
			runOnlyForDeploymentPostprocessing = 0;
		};
		8F9012345678901234567890 /* Sources */ = {
			isa = PBXSourcesBuildPhase;
			buildActionMask = 2147483647;
			files = (
				APPUPD4T3S3RV1C3T2 /* AppUpdateServiceTests.swift in Sources */,
				D5R0P0P3R4T10N5Y5N0C1T5ST /* DropOperationSyncTests.swift in Sources */,
				F1L3D3R0P4C3C3P7T4N5C3T5ST /* FileDropAcceptanceTests.swift in Sources */,
				T7R4N5F3R0P4R0G3F0RM4T3TS /* TransferProgressFormatterTests.swift in Sources */,
				F1D2R3O4P5V6A7L8I9D0T1E2S3T4 /* FileDropValidationTests.swift in Sources */,
				C3D4E5F60718293A4B5C6D7E /* RemotePathTests.swift in Sources */,
				E5F60718293A4B5C6D7E8F90 /* HostKeyStoreTests.swift in Sources */,
				C0NN3CT10N5T0R3T3ST5RC3 /* ConnectionStoreTests.swift in Sources */,
				PR0F1L3ENCRYP7S3RV1C3T1 /* ProfileEncryptionServiceTests.swift in Sources */,
				PR0F1L3TRU5T5T0R3T3ST5RC3 /* ProfileTrustStoreTests.swift in Sources */,
				C0NN3CT10NL15TV13W0D3LT3STRC3 /* ConnectionListViewModelTests.swift in Sources */,
				0718293A4B5C6D7E8F901234 /* KeychainServiceTests.swift in Sources */,
				2A3B4C5D6E7F8091A2B3C4D5 /* KnownHostsErrorMessageTests.swift in Sources */,
				M4NU4LT3STP14N5V3R1F1C4T5 /* ManualTestPlanVerificationTests.swift in Sources */,
				H0STK3YPR0MPTV3R1F1C4T5 /* HostKeyPromptVerificationTests.swift in Sources */,
				H0STK3YC0NF1RMV13WT3ST5 /* HostKeyConfirmViewTests.swift in Sources */,
				S3C8K0P3B00KM4RKS3RV1C3T1 /* SecurityScopedBookmarkServiceTests.swift in Sources */,
				S3NS1T1V3STR1NGT3ST5RC1 /* SensitiveStringTests.swift in Sources */,
				UPD4T3CH3CKV13WT3ST5BF1 /* UpdateCheckViewModelTests.swift in Sources */,
				V3R5C0MP4R4T0T3ST5BF1 /* VersionComparatorTests.swift in Sources */,
				P4THN4V1H15T0RYT3STBF1 /* PathNavigationHistoryTests.swift in Sources */,
			);
			runOnlyForDeploymentPostprocessing = 0;
		};
/* End PBXSourcesBuildPhase section */

/* Begin PBXTargetDependency section */
		901234567890123456789012 /* PBXTargetDependency */ = {
			isa = PBXTargetDependency;
			target = 01CAD85488C4961FCA9CA750 /* DockBridge */;
			targetProxy = 4B5C6D7E8F90123456789012 /* PBXContainerItemProxy */;
		};
/* End PBXTargetDependency section */

/* Begin XCBuildConfiguration section */
		C49E773A4DBE96BEB0DD965D /* Debug */ = {
			isa = XCBuildConfiguration;
			buildSettings = {
				ALWAYS_SEARCH_USER_PATHS = "NO";
				CLANG_ENABLE_MODULES = "YES";
				CLANG_ENABLE_OBJC_ARC = "YES";
				COPY_PHASE_STRIP = "NO";
				DEBUG_INFORMATION_FORMAT = "dwarf";
				ENABLE_STRICT_OBJC_MSGSEND = "YES";
				ENABLE_TESTABILITY = "YES";
				GCC_DYNAMIC_NO_PIC = "NO";
				GCC_OPTIMIZATION_LEVEL = "0";
				GCC_PREPROCESSOR_DEFINITIONS = (
					"DEBUG=1",
					"$(inherited)",
				);
				MACOSX_DEPLOYMENT_TARGET = "15.0";
				MTL_ENABLE_DEBUG_INFO = "INCLUDE_SOURCE";
				ONLY_ACTIVE_ARCH = "YES";
				SDKROOT = "macosx";
				SWIFT_ACTIVE_COMPILATION_CONDITIONS = "DEBUG";
				SWIFT_OPTIMIZATION_LEVEL = "-Onone";
				SWIFT_VERSION = "5.10";
			};
			name = Debug;
		};
		9837B9C31DB3FF2E41287685 /* Release */ = {
			isa = XCBuildConfiguration;
			buildSettings = {
				ALWAYS_SEARCH_USER_PATHS = "NO";
				CLANG_ENABLE_MODULES = "YES";
				CLANG_ENABLE_OBJC_ARC = "YES";
				COPY_PHASE_STRIP = "NO";
				DEBUG_INFORMATION_FORMAT = "dwarf-with-dsym";
				ENABLE_NS_ASSERTIONS = "NO";
				ENABLE_STRICT_OBJC_MSGSEND = "YES";
				MACOSX_DEPLOYMENT_TARGET = "15.0";
				MTL_ENABLE_DEBUG_INFO = "NO";
				SDKROOT = "macosx";
				SWIFT_COMPILATION_MODE = "wholemodule";
				SWIFT_VERSION = "5.10";
			};
			name = Release;
		};
		192A95BAE54A36AA0E570AD5 /* Debug */ = {
			isa = XCBuildConfiguration;
			buildSettings = {
				ALWAYS_SEARCH_USER_PATHS = "NO";
				CLANG_ENABLE_MODULES = "YES";
				CLANG_ENABLE_OBJC_ARC = "YES";
				COPY_PHASE_STRIP = "NO";
				DEBUG_INFORMATION_FORMAT = "dwarf";
				ENABLE_STRICT_OBJC_MSGSEND = "YES";
				ENABLE_TESTABILITY = "YES";
				GCC_DYNAMIC_NO_PIC = "NO";
				GCC_OPTIMIZATION_LEVEL = "0";
				GCC_PREPROCESSOR_DEFINITIONS = (
					"DEBUG=1",
					"$(inherited)",
				);
				MACOSX_DEPLOYMENT_TARGET = "15.0";
				MTL_ENABLE_DEBUG_INFO = "INCLUDE_SOURCE";
				ONLY_ACTIVE_ARCH = "YES";
				SDKROOT = "macosx";
				SWIFT_ACTIVE_COMPILATION_CONDITIONS = "DEBUG";
				SWIFT_OPTIMIZATION_LEVEL = "-Onone";
				SWIFT_VERSION = "5.10";
				ASSETCATALOG_COMPILER_APPICON_NAME = "AppIcon";
				CODE_SIGN_ENTITLEMENTS = "DockBridge/Resources/DockBridge.entitlements";
				CODE_SIGN_STYLE = "Automatic";
				DEVELOPMENT_TEAM = X2DPB5PSDT;
				COMBINE_HIDPI_IMAGES = "YES";
				CURRENT_PROJECT_VERSION = "1";
				ENABLE_USER_SCRIPT_SANDBOXING = "NO";
				GENERATE_INFOPLIST_FILE = "NO";
				HEADER_SEARCH_PATHS = "$(PROJECT_DIR)/DockBridge/Generated/Headers";
				SWIFT_INCLUDE_PATHS = "$(PROJECT_DIR)/DockBridge/Generated/Headers";
				INFOPLIST_FILE = "DockBridge/Resources/Info.plist";
				MARKETING_VERSION = "0.1.6";
				OTHER_LDFLAGS = (
					"$(inherited)",
					"-force_load",
					"$(PROJECT_DIR)/../../target/release/libdockbridge_uniffi.a",
					"-lc++",
					"-framework",
					"Security",
				);
				PRODUCT_BUNDLE_IDENTIFIER = "com.dockbridge.app";
				PRODUCT_NAME = "$(TARGET_NAME)";
				SWIFT_STRICT_CONCURRENCY = "complete";
			};
			name = Debug;
		};
		7EEA95CB99DCC50E0CA58A5B /* Release */ = {
			isa = XCBuildConfiguration;
			buildSettings = {
				ALWAYS_SEARCH_USER_PATHS = "NO";
				CLANG_ENABLE_MODULES = "YES";
				CLANG_ENABLE_OBJC_ARC = "YES";
				COPY_PHASE_STRIP = "NO";
				DEBUG_INFORMATION_FORMAT = "dwarf-with-dsym";
				ENABLE_NS_ASSERTIONS = "NO";
				ENABLE_STRICT_OBJC_MSGSEND = "YES";
				MACOSX_DEPLOYMENT_TARGET = "15.0";
				MTL_ENABLE_DEBUG_INFO = "NO";
				SDKROOT = "macosx";
				SWIFT_COMPILATION_MODE = "wholemodule";
				SWIFT_VERSION = "5.10";
				ASSETCATALOG_COMPILER_APPICON_NAME = "AppIcon";
				CODE_SIGN_ENTITLEMENTS = "DockBridge/Resources/DockBridge.entitlements";
				CODE_SIGN_STYLE = "Automatic";
				DEVELOPMENT_TEAM = X2DPB5PSDT;
				COMBINE_HIDPI_IMAGES = "YES";
				CURRENT_PROJECT_VERSION = "1";
				ENABLE_USER_SCRIPT_SANDBOXING = "NO";
				GENERATE_INFOPLIST_FILE = "NO";
				HEADER_SEARCH_PATHS = "$(PROJECT_DIR)/DockBridge/Generated/Headers";
				SWIFT_INCLUDE_PATHS = "$(PROJECT_DIR)/DockBridge/Generated/Headers";
				INFOPLIST_FILE = "DockBridge/Resources/Info.plist";
				MARKETING_VERSION = "0.1.6";
				OTHER_LDFLAGS = (
					"$(inherited)",
					"-force_load",
					"$(PROJECT_DIR)/../../target/release/libdockbridge_uniffi.a",
					"-lc++",
					"-framework",
					"Security",
				);
				PRODUCT_BUNDLE_IDENTIFIER = "com.dockbridge.app";
				PRODUCT_NAME = "$(TARGET_NAME)";
				SWIFT_STRICT_CONCURRENCY = "complete";
				ENABLE_HARDENED_RUNTIME = YES;
			};
			name = Release;
		};
		A123456789012345678901234 /* Debug */ = {
			isa = XCBuildConfiguration;
			buildSettings = {
				BUNDLE_LOADER = "$(TEST_HOST)";
				CODE_SIGN_STYLE = Automatic;
				CURRENT_PROJECT_VERSION = 1;
				DEVELOPMENT_TEAM = X2DPB5PSDT;
				GENERATE_INFOPLIST_FILE = YES;
				HEADER_SEARCH_PATHS = "$(PROJECT_DIR)/DockBridge/Generated/Headers";
				MACOSX_DEPLOYMENT_TARGET = 15.0;
				MARKETING_VERSION = "0.1.6";
				PRODUCT_BUNDLE_IDENTIFIER = com.dockbridge.tests;
				PRODUCT_NAME = "$(TARGET_NAME)";
				SWIFT_INCLUDE_PATHS = "$(PROJECT_DIR)/DockBridge/Generated/Headers";
				SWIFT_STRICT_CONCURRENCY = complete;
				SWIFT_VERSION = 5.10;
				TEST_HOST = "$(BUILT_PRODUCTS_DIR)/DockBridge.app/Contents/MacOS/DockBridge";
			};
			name = Debug;
		};
		B234567890123456789012345 /* Release */ = {
			isa = XCBuildConfiguration;
			buildSettings = {
				BUNDLE_LOADER = "$(TEST_HOST)";
				CODE_SIGN_STYLE = Automatic;
				CURRENT_PROJECT_VERSION = 1;
				DEVELOPMENT_TEAM = X2DPB5PSDT;
				GENERATE_INFOPLIST_FILE = YES;
				HEADER_SEARCH_PATHS = "$(PROJECT_DIR)/DockBridge/Generated/Headers";
				MACOSX_DEPLOYMENT_TARGET = 15.0;
				MARKETING_VERSION = "0.1.6";
				PRODUCT_BUNDLE_IDENTIFIER = com.dockbridge.tests;
				PRODUCT_NAME = "$(TARGET_NAME)";
				SWIFT_INCLUDE_PATHS = "$(PROJECT_DIR)/DockBridge/Generated/Headers";
				SWIFT_STRICT_CONCURRENCY = complete;
				SWIFT_VERSION = 5.10;
				TEST_HOST = "$(BUILT_PRODUCTS_DIR)/DockBridge.app/Contents/MacOS/DockBridge";
			};
			name = Release;
		};
/* End XCBuildConfiguration section */

/* Begin XCConfigurationList section */
		6019C0614AA3ED3012D948F0 /* Build configuration list for PBXProject "DockBridge" */ = {
			isa = XCConfigurationList;
			buildConfigurations = (
				C49E773A4DBE96BEB0DD965D /* Debug */,
				9837B9C31DB3FF2E41287685 /* Release */,
			);
			defaultConfigurationIsVisible = 0;
			defaultConfigurationName = Release;
		};
		997FA1398B0E9DF976ECCB47 /* Build configuration list for PBXNativeTarget "DockBridge" */ = {
			isa = XCConfigurationList;
			buildConfigurations = (
				192A95BAE54A36AA0E570AD5 /* Debug */,
				7EEA95CB99DCC50E0CA58A5B /* Release */,
			);
			defaultConfigurationIsVisible = 0;
			defaultConfigurationName = Release;
		};
		7E8F90123456789012345678 /* Build configuration list for PBXNativeTarget "DockBridgeTests" */ = {
			isa = XCConfigurationList;
			buildConfigurations = (
				A123456789012345678901234 /* Debug */,
				B234567890123456789012345 /* Release */,
			);
			defaultConfigurationIsVisible = 0;
			defaultConfigurationName = Release;
		};
/* End XCConfigurationList section */
	};
	rootObject = C80F8E547D6BF728599AA5EE /* Project object */;
}
